Microsoft Visual Studio Solution File, Format Version 12.00
# Visual Studio 2012
Project("{FAE04EC0-301F-11D3-BF4B-00C04F79EFBC}") = "7 colored Hakurei", "7 colored Hakurei.csproj", "{BEB842D0-7ECC-4F99-ACFE-81C1BE3A2C87}"
EndProject
Global
	GlobalSection(SolutionConfigurationPlatforms) = preSolution
	Debug|Any CPU = Debug|Any CPU
	ExportDebug|Any CPU = ExportDebug|Any CPU
	ExportRelease|Any CPU = ExportRelease|Any CPU
	EndGlobalSection
	GlobalSection(ProjectConfigurationPlatforms) = postSolution
		{BEB842D0-7ECC-4F99-ACFE-81C1BE3A2C87}.Debug|Any CPU.ActiveCfg = Debug|Any CPU
		{BEB842D0-7ECC-4F99-ACFE-81C1BE3A2C87}.Debug|Any CPU.Build.0 = Debug|Any CPU
		{BEB842D0-7ECC-4F99-ACFE-81C1BE3A2C87}.ExportDebug|Any CPU.ActiveCfg = ExportDebug|Any CPU
		{BEB842D0-7ECC-4F99-ACFE-81C1BE3A2C87}.ExportDebug|Any CPU.Build.0 = ExportDebug|Any CPU
		{BEB842D0-7ECC-4F99-ACFE-81C1BE3A2C87}.ExportRelease|Any CPU.ActiveCfg = ExportRelease|Any CPU
		{BEB842D0-7ECC-4F99-ACFE-81C1BE3A2C87}.ExportRelease|Any CPU.Build.0 = ExportRelease|Any CPU
	EndGlobalSection
EndGlobal
