Microsoft Visual Studio Solution File, Format Version 12.00
# Visual Studio 2012
Project("{FAE04EC0-301F-11D3-BF4B-00C04F79EFBC}") = "Touhou Kuro Hakurei", "Touhou Kuro Hakurei.csproj", "{5FC75F89-E5E6-49EB-8E27-3699E48DEBFA}"
EndProject
Global
	GlobalSection(SolutionConfigurationPlatforms) = preSolution
	Debug|Any CPU = Debug|Any CPU
	ExportDebug|Any CPU = ExportDebug|Any CPU
	ExportRelease|Any CPU = ExportRelease|Any CPU
	EndGlobalSection
	GlobalSection(ProjectConfigurationPlatforms) = postSolution
		{5FC75F89-E5E6-49EB-8E27-3699E48DEBFA}.Debug|Any CPU.ActiveCfg = Debug|Any CPU
		{5FC75F89-E5E6-49EB-8E27-3699E48DEBFA}.Debug|Any CPU.Build.0 = Debug|Any CPU
		{5FC75F89-E5E6-49EB-8E27-3699E48DEBFA}.ExportDebug|Any CPU.ActiveCfg = ExportDebug|Any CPU
		{5FC75F89-E5E6-49EB-8E27-3699E48DEBFA}.ExportDebug|Any CPU.Build.0 = ExportDebug|Any CPU
		{5FC75F89-E5E6-49EB-8E27-3699E48DEBFA}.ExportRelease|Any CPU.ActiveCfg = ExportRelease|Any CPU
		{5FC75F89-E5E6-49EB-8E27-3699E48DEBFA}.ExportRelease|Any CPU.Build.0 = ExportRelease|Any CPU
	EndGlobalSection
EndGlobal
